
Microsoft Visual Studio Solution File, Format Version 12.00
# Visual Studio Version 17
VisualStudioVersion = 17.11.35431.28
MinimumVisualStudioVersion = 10.0.40219.1
Project("{FAE04EC0-301F-11D3-BF4B-00C04F79EFBC}") = "LibraryManagementSystem", "LibraryManagementSystem\LibraryManagementSystem.csproj", "{51EBB27C-FB57-44FA-ACD7-7ED6160E3FF2}"
EndProject
Global
	GlobalSection(SolutionConfigurationPlatforms) = preSolution
		Debug|Any CPU = Debug|Any CPU
		Release|Any CPU = Release|Any CPU
	EndGlobalSection
	GlobalSection(ProjectConfigurationPlatforms) = postSolution
		{51EBB27C-FB57-44FA-ACD7-7ED6160E3FF2}.Debug|Any CPU.ActiveCfg = Debug|Any CPU
		{51EBB27C-FB57-44FA-ACD7-7ED6160E3FF2}.Debug|Any CPU.Build.0 = Debug|Any CPU
		{51EBB27C-FB57-44FA-ACD7-7ED6160E3FF2}.Release|Any CPU.ActiveCfg = Release|Any CPU
		{51EBB27C-FB57-44FA-ACD7-7ED6160E3FF2}.Release|Any CPU.Build.0 = Release|Any CPU
	EndGlobalSection
	GlobalSection(SolutionProperties) = preSolution
		HideSolutionNode = FALSE
	EndGlobalSection
	GlobalSection(ExtensibilityGlobals) = postSolution
		SolutionGuid = {9A1D6AFD-0E68-4F68-95F1-9BA2FE0D522A}
	EndGlobalSection
EndGlobal
